# Run ./gradlew --write-locks to regenerate this file
ch.qos.logback:logback-classic:1.2.3 (2 constraints: e3174274)
ch.qos.logback:logback-core:1.2.3 (1 constraints: 070dff1c)
com.amazonaws:aws-java-sdk-core:1.11.166 (2 constraints: 751af57f)
com.amazonaws:aws-java-sdk-kms:1.11.166 (1 constraints: c50cea1e)
com.amazonaws:jmespath-java:1.11.166 (1 constraints: b10d1d4b)
com.auth0:java-jwt:3.4.1 (1 constraints: c109d4a9)
com.auth0:jwks-rsa:0.7.0 (1 constraints: c009cda9)
com.baulsupp:okhttp-digest:0.4.0 (2 constraints: ac0e993e)
com.baulsupp:oksocial-output:4.28.0 (2 constraints: e60edd49)
com.baulsupp:okurl:1.90.0 (1 constraints: 3c05493b)
com.fasterxml.jackson.core:jackson-annotations:2.9.0 (3 constraints: e13d81a2)
com.fasterxml.jackson.core:jackson-core:2.9.8 (8 constraints: 6fa92a6e)
com.fasterxml.jackson.core:jackson-databind:2.9.8 (14 constraints: fbd980b1)
com.fasterxml.jackson.dataformat:jackson-dataformat-cbor:2.9.8 (3 constraints: 58238289)
com.fasterxml.jackson.dataformat:jackson-dataformat-yaml:2.9.8 (2 constraints: db1532f8)
com.fasterxml.jackson.datatype:jackson-datatype-jdk8:2.9.8 (2 constraints: db1532f8)
com.fasterxml.jackson.datatype:jackson-datatype-jsr310:2.9.8 (2 constraints: db1532f8)
com.fasterxml.jackson.module:jackson-module-kotlin:2.9.8 (4 constraints: 08338b18)
com.fasterxml.jackson.module:jackson-module-parameter-names:2.9.8 (2 constraints: db1532f8)
com.github.jnr:jffi:1.2.18 (3 constraints: 6e1bc7eb)
com.github.jnr:jnr-a64asm:1.0.0 (1 constraints: e709bdb2)
com.github.jnr:jnr-constants:0.9.11 (3 constraints: 3c235691)
com.github.jnr:jnr-enxio:0.20 (1 constraints: d20cde08)
com.github.jnr:jnr-ffi:2.1.9 (3 constraints: d722dd54)
com.github.jnr:jnr-posix:3.0.47 (1 constraints: 3c0d2523)
com.github.jnr:jnr-unixsocket:0.22 (3 constraints: eb211b63)
com.github.jnr:jnr-x86asm:1.0.2 (1 constraints: e909bfb2)
com.github.markusbernhardt:proxy-vole:1.0.5 (2 constraints: ae0ecb3e)
com.github.mrmike:ok2curl:0.5.0 (2 constraints: ad0eb63e)
com.github.rvesse:airline:2.6.0 (2 constraints: b00e113f)
com.github.rvesse:airline-io:2.6.0 (1 constraints: 740bb1de)
com.google.api:api-common:1.7.0 (5 constraints: 7845c197)
com.google.api:gax:1.37.0 (2 constraints: 4a199903)
com.google.api:gax-grpc:1.37.0 (2 constraints: bc20437c)
com.google.api-client:google-api-client:1.22.0 (2 constraints: 291fe6ea)
com.google.api.grpc:proto-google-cloud-logging-v2:0.44.0 (1 constraints: 0e10faa4)
com.google.api.grpc:proto-google-common-protos:1.12.0 (6 constraints: 95575ca7)
com.google.api.grpc:proto-google-iam-v1:0.12.0 (1 constraints: cb0eeb6e)
com.google.apis:google-api-services-cloudkms:v1-rev9-1.22.0 (1 constraints: e10e727a)
com.google.appengine:appengine-api-1.0-sdk:1.9.73 (1 constraints: 4605583b)
com.google.auth:google-auth-library-credentials:0.12.0 (4 constraints: e3361450)
com.google.auth:google-auth-library-oauth2-http:0.12.0 (2 constraints: 06138971)
com.google.auto:auto-common:0.8 (1 constraints: 430f6767)
com.google.auto.service:auto-service:1.0-rc4 (1 constraints: fe0c3e13)
com.google.cloud:google-cloud-core:1.61.0 (2 constraints: b620aa7b)
com.google.cloud:google-cloud-core-grpc:1.61.0 (1 constraints: 0e10ffa4)
com.google.cloud:google-cloud-logging:1.61.0 (1 constraints: 0e13db41)
com.google.cloud:google-cloud-logging-logback:0.79.0-alpha (1 constraints: 75070662)
com.google.code.findbugs:jsr305:3.0.2 (9 constraints: ce6bb398)
com.google.code.gson:gson:2.8.5 (3 constraints: d7225763)
com.google.crypto.tink:tink:1.2.2 (2 constraints: ad0eb43e)
com.google.errorprone:error_prone_annotations:2.2.0 (2 constraints: 1f125136)
com.google.guava:failureaccess:1.0 (1 constraints: b509eaa0)
com.google.guava:guava:27.0-jre (13 constraints: 68bade21)
com.google.guava:guava-jdk5:17.0 (1 constraints: 3a1099a2)
com.google.guava:listenablefuture:9999.0-empty-to-avoid-conflict-with-guava (1 constraints: bd17c918)
com.google.http-client:google-http-client:1.27.0 (4 constraints: e149a1a3)
com.google.http-client:google-http-client-jackson2:1.27.0 (2 constraints: 55241be0)
com.google.j2objc:j2objc-annotations:1.1 (2 constraints: c51abe30)
com.google.oauth-client:google-oauth-client:1.22.0 (1 constraints: 951082c3)
com.google.protobuf:protobuf-java:3.6.1 (7 constraints: a96e8313)
com.google.protobuf:protobuf-java-util:3.6.1 (2 constraints: 1c1f8bd5)
com.googlecode.json-simple:json-simple:1.1.1 (2 constraints: f511e81e)
com.jakewharton.byteunits:byteunits:0.9.1 (3 constraints: 5e1c1f5c)
com.kitfox.svg:svg-salamander:1.0 (2 constraints: 5112e2d6)
com.ryanharter.ktor:ktor-moshi:1.0.1 (1 constraints: 0405f135)
com.squareup.moshi:moshi:1.8.0 (3 constraints: 76251544)
com.squareup.moshi:moshi-adapters:1.8.0 (2 constraints: eb0da84a)
com.squareup.moshi:moshi-kotlin:1.8.0 (2 constraints: 63167611)
com.squareup.okhttp3:logging-interceptor:3.14.1 (2 constraints: 4b0e3c63)
com.squareup.okhttp3:mockwebserver:3.14.0 (1 constraints: d013a255)
com.squareup.okhttp3:okhttp:3.14.1 (12 constraints: 50a61b87)
com.squareup.okhttp3:okhttp-dnsoverhttps:3.14.1 (1 constraints: 11099395)
com.squareup.okhttp3:okhttp-sse:3.14.1 (1 constraints: 11099395)
com.squareup.okhttp3:okhttp-tls:3.14.1 (1 constraints: 11099395)
com.squareup.okhttp3.sample:unixdomainsockets:3.14.0 (2 constraints: e00e2b49)
com.squareup.okio:okio:2.2.2 (7 constraints: a84d0ea8)
com.typesafe:config:1.3.1 (26 constraints: 7e1cc051)
commons-codec:commons-codec:1.11 (3 constraints: 31209715)
commons-fileupload:commons-fileupload:1.3.1 (1 constraints: 8c074373)
commons-io:commons-io:2.6 (5 constraints: a4346309)
commons-logging:commons-logging:1.2 (2 constraints: 351dc2e5)
de.undercouch:bson4jackson:2.9.2 (1 constraints: 59114ad6)
io.dropwizard.metrics:metrics-core:3.2.4 (2 constraints: 41188aa8)
io.dropwizard.metrics:metrics-jvm:3.2.4 (1 constraints: 850948a0)
io.grpc:grpc-auth:1.17.1 (3 constraints: 302b7a30)
io.grpc:grpc-context:1.17.1 (2 constraints: ea181f0d)
io.grpc:grpc-core:1.17.1 (5 constraints: 56332686)
io.grpc:grpc-netty-shaded:1.17.1 (3 constraints: 302b7a30)
io.grpc:grpc-protobuf:1.17.1 (2 constraints: 211b4290)
io.grpc:grpc-protobuf-lite:1.17.1 (1 constraints: 080ae2b3)
io.grpc:grpc-stub:1.17.1 (3 constraints: 302b7a30)
io.jsonwebtoken:jjwt-api:0.10.6 (3 constraints: d021f3f3)
io.jsonwebtoken:jjwt-impl:0.10.6 (1 constraints: 0f097a95)
io.jsonwebtoken:jjwt-jackson:0.10.6 (1 constraints: 0f097a95)
io.ktor:ktor-auth:1.1.5 (4 constraints: 2a23c8af)
io.ktor:ktor-auth-jwt:1.1.5 (1 constraints: 0905f835)
io.ktor:ktor-auth-ldap:1.1.5 (1 constraints: 0905f835)
io.ktor:ktor-client-auth-basic:1.1.5 (1 constraints: 0905f835)
io.ktor:ktor-client-cio:1.1.5 (1 constraints: 0905f835)
io.ktor:ktor-client-core:1.1.5 (1 constraints: 0905f835)
io.ktor:ktor-client-core-jvm:1.1.5 (7 constraints: 0a4abc8f)
io.ktor:ktor-client-gson:1.1.5 (1 constraints: 0905f835)
io.ktor:ktor-client-json-jvm:1.1.5 (2 constraints: f70f24ab)
io.ktor:ktor-client-okhttp:1.1.5 (1 constraints: 0905f835)
io.ktor:ktor-client-websocket:1.1.5 (1 constraints: 0905f835)
io.ktor:ktor-html-builder:1.1.5 (1 constraints: 0905f835)
io.ktor:ktor-http:1.1.5 (2 constraints: e90f87aa)
io.ktor:ktor-http-cio:1.1.5 (6 constraints: 6247d4f6)
io.ktor:ktor-http-jvm:1.1.5 (4 constraints: 0e26a6f5)
io.ktor:ktor-jackson:1.1.5 (1 constraints: 0905f835)
io.ktor:ktor-locations:1.1.5 (1 constraints: 0905f835)
io.ktor:ktor-metrics:1.1.5 (1 constraints: 0905f835)
io.ktor:ktor-network:1.1.5 (3 constraints: 23210dca)
io.ktor:ktor-network-tls:1.1.5 (1 constraints: 730a48c1)
io.ktor:ktor-server-core:1.1.5 (13 constraints: f285631b)
io.ktor:ktor-server-host-common:1.1.5 (3 constraints: e01ca00f)
io.ktor:ktor-server-netty:1.1.5 (1 constraints: 0905f835)
io.ktor:ktor-server-servlet:1.1.5 (1 constraints: 0905f835)
io.ktor:ktor-server-sessions:1.1.5 (1 constraints: 0905f835)
io.ktor:ktor-utils:1.1.5 (2 constraints: 540dd537)
io.ktor:ktor-utils-jvm:1.1.5 (4 constraints: 5b23e9ba)
io.ktor:ktor-webjars:1.1.5 (1 constraints: 0905f835)
io.ktor:ktor-websockets:1.1.5 (1 constraints: 0905f835)
io.lettuce:lettuce-core:5.1.6.RELEASE (1 constraints: 3d070768)
io.netty:netty-buffer:4.1.35.Final (8 constraints: c36427df)
io.netty:netty-codec:4.1.35.Final (6 constraints: 564b48c5)
io.netty:netty-codec-dns:4.1.35.Final (2 constraints: fc151af9)
io.netty:netty-codec-http:4.1.35.Final (2 constraints: 351555d8)
io.netty:netty-codec-http2:4.1.35.Final (2 constraints: 261504c6)
io.netty:netty-common:4.1.35.Final (11 constraints: 1d8bdac4)
io.netty:netty-handler:4.1.35.Final (4 constraints: cd2f9ddf)
io.netty:netty-resolver:4.1.35.Final (3 constraints: aa23f796)
io.netty:netty-resolver-dns:4.1.35.Final (2 constraints: 8212702d)
io.netty:netty-transport:4.1.35.Final (8 constraints: 01645268)
io.opencensus:opencensus-api:0.17.0 (2 constraints: ee1befa0)
io.opencensus:opencensus-contrib-grpc-metrics:0.17.0 (1 constraints: 3e086783)
io.projectreactor:reactor-core:3.2.8.RELEASE (2 constraints: 13145fad)
io.zipkin.brave:brave:5.6.3 (4 constraints: 6f344963)
io.zipkin.brave:brave-core:4.13.6 (1 constraints: e60b63f5)
io.zipkin.brave:brave-http:4.13.6 (1 constraints: c00c4913)
io.zipkin.brave:brave-instrumentation-http:5.6.3 (1 constraints: 64132e3d)
io.zipkin.brave:brave-instrumentation-okhttp3:5.6.3 (2 constraints: b60ebf3f)
io.zipkin.brave:brave-okhttp:4.13.6 (2 constraints: e60ed049)
io.zipkin.java:zipkin:2.10.1 (2 constraints: dc0eb248)
io.zipkin.reporter2:zipkin-reporter:2.8.2 (3 constraints: ea26d3fc)
io.zipkin.reporter2:zipkin-sender-okhttp3:2.8.2 (2 constraints: b40e813f)
io.zipkin.zipkin2:zipkin:2.12.7 (5 constraints: 0141f0c8)
javax.activation:activation:1.1.1 (3 constraints: dc1e0ebf)
javax.activation:javax.activation-api:1.2.0 (1 constraints: 450a28bf)
javax.annotation:javax.annotation-api:1.2 (5 constraints: f3531cd3)
javax.inject:javax.inject:1 (1 constraints: b10a02b2)
javax.servlet:javax.servlet-api:4.0.1 (1 constraints: 07050036)
javax.servlet:jstl:1.2 (1 constraints: 2c075b64)
javax.xml.bind:jaxb-api:2.3.1 (1 constraints: 8d074873)
joda-time:joda-time:2.9.2 (2 constraints: 1e1c83d5)
junit:junit:4.12 (2 constraints: 451f0da4)
net.java.dev.jna:jna:4.5.1 (2 constraints: fd1c7b1e)
net.java.dev.jna:jna-platform:4.5.1 (1 constraints: 6c1013a3)
ognl:ognl:3.0.8 (1 constraints: d10a7fc8)
org.apache.commons:commons-collections4:4.2 (1 constraints: 140bfbc7)
org.apache.commons:commons-compress:1.9 (1 constraints: c70dfe2a)
org.apache.commons:commons-lang3:3.7 (3 constraints: 83230e42)
org.apache.httpcomponents:httpclient:4.5.5 (2 constraints: f31e27b4)
org.apache.httpcomponents:httpcore:4.4.9 (1 constraints: 2e10c591)
org.apache.taglibs:taglibs-standard-impl:1.2.5 (1 constraints: 8f074473)
org.bouncycastle:bcprov-jdk15on:1.60 (2 constraints: 49178e29)
org.brotli:dec:0.1.2 (2 constraints: ab0e783e)
org.checkerframework:checker-qual:2.5.2 (1 constraints: 1b0af6b4)
org.codehaus.mojo:animal-sniffer-annotations:1.17 (2 constraints: cd112116)
org.conscrypt:conscrypt-openjdk-uber:2.1.0 (2 constraints: ab0e803e)
org.eclipse.jetty.alpn:alpn-api:1.1.3.v20160715 (1 constraints: bc0d555f)
org.ff4j:ff4j-core:1.8 (3 constraints: e717efc5)
org.ff4j:ff4j-store-mongodb-v3:1.8 (1 constraints: ad04222c)
org.ff4j:ff4j-web:1.8 (1 constraints: ad04222c)
org.fusesource.jansi:jansi:1.18 (2 constraints: 840e8b35)
org.hamcrest:hamcrest-core:1.3 (1 constraints: cc05fe3f)
org.ini4j:ini4j:0.5.4 (1 constraints: 6b1002a3)
org.javadelight:delight-nashorn-sandbox:0.1.14 (1 constraints: 98108bb3)
org.javassist:javassist:3.16.1-GA (1 constraints: b60be2f5)
org.jetbrains:annotations:13.0 (1 constraints: df0e795c)
org.jetbrains:kotlin-css:1.0.0-pre.70-kotlin-1.3.21 (1 constraints: a3126259)
org.jetbrains:kotlin-css-jvm:1.0.0-pre.70-kotlin-1.3.21 (1 constraints: 1a0b1ee7)
org.jetbrains.intellij.deps:trove4j:1.0.20181211 (2 constraints: cc27bfd6)
org.jetbrains.kotlin:kotlin-compiler-embeddable:1.3.30 (1 constraints: 0f098695)
org.jetbrains.kotlin:kotlin-daemon-client:1.3.30 (1 constraints: 3e1190d7)
org.jetbrains.kotlin:kotlin-reflect:1.3.30 (37 constraints: 51c381f6)
org.jetbrains.kotlin:kotlin-script-runtime:1.3.30 (3 constraints: 8237a9ab)
org.jetbrains.kotlin:kotlin-script-util:1.3.30 (1 constraints: 0f098695)
org.jetbrains.kotlin:kotlin-scripting-common:1.3.30 (1 constraints: 0b121d00)
org.jetbrains.kotlin:kotlin-scripting-jvm:1.3.30 (1 constraints: 3e1190d7)
org.jetbrains.kotlin:kotlin-stdlib:1.3.31 (54 constraints: 8def5a82)
org.jetbrains.kotlin:kotlin-stdlib-common:1.3.31 (19 constraints: e4128cac)
org.jetbrains.kotlin:kotlin-stdlib-jdk7:1.3.31 (14 constraints: 739f0e4b)
org.jetbrains.kotlin:kotlin-stdlib-jdk8:1.3.31 (19 constraints: efd1bbca)
org.jetbrains.kotlinx:atomicfu:0.12.3 (31 constraints: 60628dc7)
org.jetbrains.kotlinx:atomicfu-common:0.12.3 (5 constraints: 785c3e7b)
org.jetbrains.kotlinx:kotlinx-coroutines-core:1.2.1 (34 constraints: 83a2a203)
org.jetbrains.kotlinx:kotlinx-coroutines-core-common:1.2.0 (11 constraints: 5b86e41d)
org.jetbrains.kotlinx:kotlinx-coroutines-debug:1.2.1 (2 constraints: ac0e993e)
org.jetbrains.kotlinx:kotlinx-coroutines-io:0.1.8 (10 constraints: ce7378ae)
org.jetbrains.kotlinx:kotlinx-coroutines-io-jvm:0.1.8 (26 constraints: e61cc4f8)
org.jetbrains.kotlinx:kotlinx-coroutines-jdk8:1.2.1 (15 constraints: 9c9a19a5)
org.jetbrains.kotlinx:kotlinx-coroutines-reactive:1.2.1 (2 constraints: 00162bec)
org.jetbrains.kotlinx:kotlinx-html-jvm:0.6.12 (1 constraints: 870bdbe7)
org.jetbrains.kotlinx:kotlinx-io:0.1.8 (11 constraints: 2582ec83)
org.jetbrains.kotlinx:kotlinx-io-jvm:0.1.8 (27 constraints: 2f3124bc)
org.jetbrains.kotlinx:kotlinx-serialization-runtime:0.11.0 (1 constraints: 970cc111)
org.jetbrains.kotlinx:kotlinx-serialization-runtime-common:0.11.0 (2 constraints: ee22a4fa)
org.jfree:jfreesvg:3.3 (2 constraints: 56129fd7)
org.json:json:20170516 (1 constraints: cf0c281f)
org.litote:kreflect:1.0.0 (1 constraints: d00ec65b)
org.litote.jackson:jackson-module-loader:0.1.0 (1 constraints: 4d1126d6)
org.litote.kmongo:kmongo-async-shared:3.10.1 (1 constraints: 2d116dd6)
org.litote.kmongo:kmongo-coroutine:3.10.1 (1 constraints: 3705363b)
org.litote.kmongo:kmongo-coroutine-core:3.10.1 (1 constraints: 570f577b)
org.litote.kmongo:kmongo-data:3.10.1 (1 constraints: 040fd96a)
org.litote.kmongo:kmongo-id:3.10.1 (2 constraints: 571d5643)
org.litote.kmongo:kmongo-id-jackson:3.10.1 (1 constraints: 8111b8e7)
org.litote.kmongo:kmongo-jackson-mapping:3.10.1 (1 constraints: 570f577b)
org.litote.kmongo:kmongo-property:3.10.1 (2 constraints: c121f2c1)
org.litote.kmongo:kmongo-shared:3.10.1 (2 constraints: 84204d43)
org.mongodb:bson:3.10.1 (3 constraints: 0e2a2ca8)
org.mongodb:mongodb-driver-async:3.10.0 (1 constraints: 80126212)
org.mongodb:mongodb-driver-core:3.10.1 (2 constraints: 371c18e3)
org.mongodb:mongodb-driver-reactivestreams:1.11.0 (2 constraints: 73153bdd)
org.mongodb:mongodb-driver-sync:3.10.1 (1 constraints: 3705363b)
org.ow2.asm:asm:5.0.3 (2 constraints: e212e268)
org.ow2.asm:asm-analysis:5.0.3 (1 constraints: ee09d4b2)
org.ow2.asm:asm-commons:5.0.3 (1 constraints: ee09d4b2)
org.ow2.asm:asm-tree:5.0.3 (4 constraints: d8272223)
org.ow2.asm:asm-util:5.0.3 (1 constraints: ee09d4b2)
org.reactivestreams:reactive-streams:1.0.2 (3 constraints: 1a3582cd)
org.slf4j:jcl-over-slf4j:1.7.22 (1 constraints: c307137b)
org.slf4j:slf4j-api:1.8.0-beta4 (39 constraints: f0d1f5f8)
org.slf4j:slf4j-jdk14:1.8.0-beta4 (1 constraints: de0aa7c8)
org.threeten:threetenbp:1.3.3 (2 constraints: ae127c50)
org.thymeleaf:thymeleaf:2.1.4.RELEASE (1 constraints: bd093fb9)
org.unbescape:unbescape:1.1.0.RELEASE (1 constraints: f70c4928)
org.webjars:jquery:3.2.1 (1 constraints: 08050136)
org.webjars:webjars-locator-core:0.35 (1 constraints: 4d094a96)
org.webjars.bower:js-beautify:1.6.12 (1 constraints: 2811cad3)
org.yaml:snakeyaml:1.23 (1 constraints: 6e17f627)
org.zeroturnaround:zt-exec:1.10 (3 constraints: 281cf549)
pt.davidafsilva.apple:jkeychain:1.0.0 (2 constraints: a90e443e)
software.amazon.ion:ion-java:1.0.2 (1 constraints: 720db831)
